
Microsoft Visual Studio Solution File, Format Version 12.00
# Visual Studio Version 16
VisualStudioVersion = 16.0.29201.188
MinimumVisualStudioVersion = 10.0.40219.1
Project("{FAE04EC0-301F-11D3-BF4B-00C04F79EFBC}") = "Humans.Business", "Humans.Business\Humans.Business.csproj", "{7EDD5C90-EE13-4C2C-8C65-0C818E916B1D}"
EndProject
Project("{FAE04EC0-301F-11D3-BF4B-00C04F79EFBC}") = "Humans.API", "Humans.API\Humans.API.csproj", "{65FA3498-3FA6-44B0-B0F1-598F9BEC6C18}"
EndProject
Global
	GlobalSection(SolutionConfigurationPlatforms) = preSolution
		Debug|Any CPU = Debug|Any CPU
		Release|Any CPU = Release|Any CPU
	EndGlobalSection
	GlobalSection(ProjectConfigurationPlatforms) = postSolution
		{7EDD5C90-EE13-4C2C-8C65-0C818E916B1D}.Debug|Any CPU.ActiveCfg = Debug|Any CPU
		{7EDD5C90-EE13-4C2C-8C65-0C818E916B1D}.Debug|Any CPU.Build.0 = Debug|Any CPU
		{7EDD5C90-EE13-4C2C-8C65-0C818E916B1D}.Release|Any CPU.ActiveCfg = Release|Any CPU
		{7EDD5C90-EE13-4C2C-8C65-0C818E916B1D}.Release|Any CPU.Build.0 = Release|Any CPU
		{65FA3498-3FA6-44B0-B0F1-598F9BEC6C18}.Debug|Any CPU.ActiveCfg = Debug|Any CPU
		{65FA3498-3FA6-44B0-B0F1-598F9BEC6C18}.Debug|Any CPU.Build.0 = Debug|Any CPU
		{65FA3498-3FA6-44B0-B0F1-598F9BEC6C18}.Release|Any CPU.ActiveCfg = Release|Any CPU
		{65FA3498-3FA6-44B0-B0F1-598F9BEC6C18}.Release|Any CPU.Build.0 = Release|Any CPU
	EndGlobalSection
	GlobalSection(SolutionProperties) = preSolution
		HideSolutionNode = FALSE
	EndGlobalSection
	GlobalSection(ExtensibilityGlobals) = postSolution
		SolutionGuid = {3B542763-F553-4319-8C82-A8D6BFAC7DC3}
	EndGlobalSection
EndGlobal
